{
  "name": "doppelkopf",
  "version": "0.0.1",
  "lockfileVersion": 1,
  "requires": true,
  "dependencies": {
    "@vue/test-utils": {
      "version": "1.0.0-beta.10",
      "resolved": "https://registry.npmjs.org/@vue/test-utils/-/test-utils-1.0.0-beta.10.tgz",
      "integrity": "sha512-IRIYIgUNft5TO7a++/BnBh6H3IZH3o76nIetlseiTdmn1a6NQxCJaWHTEimmhXepqZC5CZdxtiH7zMEsC1I6Cw==",
      "dev": true,
      "requires": {
        "lodash": "4.17.4"
      },
      "dependencies": {
        "lodash": {
          "version": "4.17.4",
          "resolved": "https://registry.npmjs.org/lodash/-/lodash-4.17.4.tgz",
          "integrity": "sha1-eCA6TRwyiuHYbcpkYONptX9AVa4=",
          "dev": true
        }
      }
    }
  }
}
